
Microsoft Visual Studio Solution File, Format Version 12.00
# Visual Studio Version 16
VisualStudioVersion = 16.0.30621.155
MinimumVisualStudioVersion = 10.0.40219.1
Project("{FAE04EC0-301F-11D3-BF4B-00C04F79EFBC}") = "Kino2D", "Kino2D\Kino2D.csproj", "{0EE6C8CC-730B-4785-9132-B1F07F536DC3}"
EndProject
Global
	GlobalSection(SolutionConfigurationPlatforms) = preSolution
		Debug|Any CPU = Debug|Any CPU
		Release|Any CPU = Release|Any CPU
	EndGlobalSection
	GlobalSection(ProjectConfigurationPlatforms) = postSolution
		{0EE6C8CC-730B-4785-9132-B1F07F536DC3}.Debug|Any CPU.ActiveCfg = Debug|Any CPU
		{0EE6C8CC-730B-4785-9132-B1F07F536DC3}.Debug|Any CPU.Build.0 = Debug|Any CPU
		{0EE6C8CC-730B-4785-9132-B1F07F536DC3}.Release|Any CPU.ActiveCfg = Release|Any CPU
		{0EE6C8CC-730B-4785-9132-B1F07F536DC3}.Release|Any CPU.Build.0 = Release|Any CPU
	EndGlobalSection
	GlobalSection(SolutionProperties) = preSolution
		HideSolutionNode = FALSE
	EndGlobalSection
	GlobalSection(ExtensibilityGlobals) = postSolution
		SolutionGuid = {7011E135-CB18-451C-8346-ACD8051B9792}
	EndGlobalSection
EndGlobal
